{
  "requires": true,
  "lockfileVersion": 1,
  "dependencies": {
    "react-hooks-global-state": {
      "version": "1.0.1",
      "resolved": "https://registry.npmjs.org/react-hooks-global-state/-/react-hooks-global-state-1.0.1.tgz",
      "integrity": "sha512-GFe/7KOdf8toByd8eF5LBhogMn65XSyghIzInsnA1e8vqIxGdT2Ohs2Ohdclp8CX0QU9xNj72ZIt+WD/SQEh9Q=="
    }
  }
}
